{
  "name": "@harperz9/learn",
  "version": "1.6.0",
  "lockfileVersion": 3,
  "requires": true,
  "packages": {
    "": {
      "name": "@harperz9/learn",
      "version": "1.6.0",
      "license": "LicenseRef-fair-source",
      "bin": {
        "learn": "src/cli.mjs"
      },
      "engines": {
        "node": ">=20"
      }
    }
  }
}
